{
  "nodes": {
    "base16-schemes": {
      "flake": false,
      "locked": {
        "lastModified": 1689473676,
        "narHash": "sha256-L0RhUr9+W5EPWBpLcmkKpUeCEWRs/kLzVMF3Vao2ZU0=",
        "owner": "tinted-theming",
        "repo": "base16-schemes",
        "rev": "d95123ca6377cd849cfdce92c0a24406b0c6a789",
        "type": "github"
      },
      "original": {
        "owner": "tinted-theming",
        "repo": "base16-schemes",
        "type": "github"
      }
    },
    "blender-bin": {
      "inputs": {
        "nixpkgs": [
          "nixpkgs"
        ]
      },
      "locked": {
        "dir": "blender",
        "lastModified": 1697780893,
        "narHash": "sha256-nSasvbJI+TefGesRnI7mcARDa5Bxrj+GV0GfdG/sLUo=",
        "owner": "the-furry-hubofeverything",
        "repo": "nix-warez",
        "rev": "135435213fb4486e67dd42e781291249be621666",
        "type": "github"
      },
      "original": {
        "dir": "blender",
        "owner": "the-furry-hubofeverything",
        "repo": "nix-warez",
        "type": "github"
      }
    },
    "crane": {
      "inputs": {
        "flake-compat": [
          "lanzaboote",
          "flake-compat"
        ],
        "flake-utils": [
          "lanzaboote",
          "flake-utils"
        ],
        "nixpkgs": [
          "lanzaboote",
          "nixpkgs"
        ],
        "rust-overlay": [
          "lanzaboote",
          "rust-overlay"
        ]
      },
      "locked": {
        "lastModified": 1681177078,
        "narHash": "sha256-ZNIjBDou2GOabcpctiQykEQVkI8BDwk7TyvlWlI4myE=",
        "owner": "ipetkov",
        "repo": "crane",
        "rev": "0c9f468ff00576577d83f5019a66c557ede5acf6",
        "type": "github"
      },
      "original": {
        "owner": "ipetkov",
        "repo": "crane",
        "type": "github"
      }
    },
    "flake-compat": {
      "flake": false,
      "locked": {
        "lastModified": 1673956053,
        "narHash": "sha256-4gtG9iQuiKITOjNQQeQIpoIB6b16fm+504Ch3sNKLd8=",
        "owner": "edolstra",
        "repo": "flake-compat",
        "rev": "35bb57c0c8d8b62bbfd284272c928ceb64ddbde9",
        "type": "github"
      },
      "original": {
        "owner": "edolstra",
        "repo": "flake-compat",
        "type": "github"
      }
    },
    "flake-compat_2": {
      "locked": {
        "lastModified": 1696426674,
        "narHash": "sha256-kvjfFW7WAETZlt09AgDn1MrtKzP7t90Vf7vypd3OL1U=",
        "owner": "edolstra",
        "repo": "flake-compat",
        "rev": "0f9255e01c2351cc7d116c072cb317785dd33b33",
        "type": "github"
      },
      "original": {
        "owner": "edolstra",
        "repo": "flake-compat",
        "type": "github"
      }
    },
    "flake-compat_3": {
      "flake": false,
      "locked": {
        "lastModified": 1673956053,
        "narHash": "sha256-4gtG9iQuiKITOjNQQeQIpoIB6b16fm+504Ch3sNKLd8=",
        "owner": "edolstra",
        "repo": "flake-compat",
        "rev": "35bb57c0c8d8b62bbfd284272c928ceb64ddbde9",
        "type": "github"
      },
      "original": {
        "owner": "edolstra",
        "repo": "flake-compat",
        "type": "github"
      }
    },
    "flake-parts": {
      "inputs": {
        "nixpkgs-lib": [
          "lanzaboote",
          "nixpkgs"
        ]
      },
      "locked": {
        "lastModified": 1680392223,
        "narHash": "sha256-n3g7QFr85lDODKt250rkZj2IFS3i4/8HBU2yKHO3tqw=",
        "owner": "hercules-ci",
        "repo": "flake-parts",
        "rev": "dcc36e45d054d7bb554c9cdab69093debd91a0b5",
        "type": "github"
      },
      "original": {
        "owner": "hercules-ci",
        "repo": "flake-parts",
        "type": "github"
      }
    },
    "flake-parts_2": {
      "inputs": {
        "nixpkgs-lib": "nixpkgs-lib_2"
      },
      "locked": {
        "lastModified": 1685662779,
        "narHash": "sha256-cKDDciXGpMEjP1n6HlzKinN0H+oLmNpgeCTzYnsA2po=",
        "owner": "hercules-ci",
        "repo": "flake-parts",
        "rev": "71fb97f0d875fd4de4994dfb849f2c75e17eb6c3",
        "type": "github"
      },
      "original": {
        "owner": "hercules-ci",
        "repo": "flake-parts",
        "type": "github"
      }
    },
    "flake-utils": {
      "inputs": {
        "systems": "systems_2"
      },
      "locked": {
        "lastModified": 1681202837,
        "narHash": "sha256-H+Rh19JDwRtpVPAWp64F+rlEtxUWBAQW28eAi3SRSzg=",
        "owner": "numtide",
        "repo": "flake-utils",
        "rev": "cfacdce06f30d2b68473a46042957675eebb3401",
        "type": "github"
      },
      "original": {
        "owner": "numtide",
        "repo": "flake-utils",
        "type": "github"
      }
    },
    "flake-utils_2": {
      "inputs": {
        "systems": "systems_3"
      },
      "locked": {
        "lastModified": 1694529238,
        "narHash": "sha256-zsNZZGTGnMOf9YpHKJqMSsa0dXbfmxeoJ7xHlrt+xmY=",
        "owner": "numtide",
        "repo": "flake-utils",
        "rev": "ff7b65b44d01cf9ba6a71320833626af21126384",
        "type": "github"
      },
      "original": {
        "owner": "numtide",
        "repo": "flake-utils",
        "type": "github"
      }
    },
    "flake-utils_3": {
      "inputs": {
        "systems": "systems_4"
      },
      "locked": {
        "lastModified": 1681202837,
        "narHash": "sha256-H+Rh19JDwRtpVPAWp64F+rlEtxUWBAQW28eAi3SRSzg=",
        "owner": "numtide",
        "repo": "flake-utils",
        "rev": "cfacdce06f30d2b68473a46042957675eebb3401",
        "type": "github"
      },
      "original": {
        "owner": "numtide",
        "repo": "flake-utils",
        "type": "github"
      }
    },
    "gitignore": {
      "inputs": {
        "nixpkgs": [
          "lanzaboote",
          "pre-commit-hooks-nix",
          "nixpkgs"
        ]
      },
      "locked": {
        "lastModified": 1660459072,
        "narHash": "sha256-8DFJjXG8zqoONA1vXtgeKXy68KdJL5UaXR8NtVMUbx8=",
        "owner": "hercules-ci",
        "repo": "gitignore.nix",
        "rev": "a20de23b925fd8264fd7fad6454652e142fd7f73",
        "type": "github"
      },
      "original": {
        "owner": "hercules-ci",
        "repo": "gitignore.nix",
        "type": "github"
      }
    },
    "hardware": {
      "locked": {
        "lastModified": 1699701045,
        "narHash": "sha256-mDzUXK7jNO/utInWpSWEX1NgEEunVIpJg+LyPsDTfy0=",
        "owner": "nixos",
        "repo": "nixos-hardware",
        "rev": "b689465d0c5d88e158e7d76094fca08cc0223aad",
        "type": "github"
      },
      "original": {
        "owner": "nixos",
        "repo": "nixos-hardware",
        "type": "github"
      }
    },
    "home-manager": {
      "inputs": {
        "nixpkgs": [
          "nixpkgs"
        ]
      },
      "locked": {
        "lastModified": 1699748081,
        "narHash": "sha256-MOmMapBydd7MTjhX4eeQZzKlCABWw8W6iSHSG4OeFKE=",
        "owner": "nix-community",
        "repo": "home-manager",
        "rev": "04bac349d585c9df38d78e0285b780a140dc74a4",
        "type": "github"
      },
      "original": {
        "owner": "nix-community",
        "ref": "release-23.05",
        "repo": "home-manager",
        "type": "github"
      }
    },
    "hs-secrets": {
      "inputs": {
        "sops-nix": [
          "sops-nix"
        ]
      },
      "locked": {
        "lastModified": 1699691291,
        "narHash": "sha256-crT7wxb2lJEZdmk/KXsAwt5o1O4uCLkgqKQ34qYElSM=",
        "ref": "refs/heads/master",
        "rev": "a5da3719c74f145ea391451e6f1d4e49602b931b",
        "revCount": 4,
        "type": "git",
        "url": "file:///run/media/hubble/Data/GithubFurry/HS-secrets"
      },
      "original": {
        "type": "git",
        "url": "file:///run/media/hubble/Data/GithubFurry/HS-secrets"
      }
    },
    "hyprland": {
      "inputs": {
        "hyprland-protocols": "hyprland-protocols",
        "nixpkgs": "nixpkgs",
        "systems": "systems",
        "wlroots": "wlroots",
        "xdph": "xdph"
      },
      "locked": {
        "lastModified": 1699726486,
        "narHash": "sha256-8PP26+ybmScq5WpFd2JPqUDzG2VggYOvD6/rzY9/CJ4=",
        "owner": "hyprwm",
        "repo": "Hyprland",
        "rev": "9afdd61adeaf413afbe853dbc5fdf6853c8bde21",
        "type": "github"
      },
      "original": {
        "owner": "hyprwm",
        "ref": "v0.32.3",
        "repo": "Hyprland",
        "type": "github"
      }
    },
    "hyprland-protocols": {
      "inputs": {
        "nixpkgs": [
          "hyprland",
          "nixpkgs"
        ],
        "systems": [
          "hyprland",
          "systems"
        ]
      },
      "locked": {
        "lastModified": 1691753796,
        "narHash": "sha256-zOEwiWoXk3j3+EoF3ySUJmberFewWlagvewDRuWYAso=",
        "owner": "hyprwm",
        "repo": "hyprland-protocols",
        "rev": "0c2ce70625cb30aef199cb388f99e19a61a6ce03",
        "type": "github"
      },
      "original": {
        "owner": "hyprwm",
        "repo": "hyprland-protocols",
        "type": "github"
      }
    },
    "impermanence": {
      "locked": {
        "lastModified": 1697303681,
        "narHash": "sha256-caJ0rXeagaih+xTgRduYtYKL1rZ9ylh06CIrt1w5B4g=",
        "owner": "nix-community",
        "repo": "impermanence",
        "rev": "0f317c2e9e56550ce12323eb39302d251618f5b5",
        "type": "github"
      },
      "original": {
        "owner": "nix-community",
        "repo": "impermanence",
        "type": "github"
      }
    },
    "lanzaboote": {
      "inputs": {
        "crane": "crane",
        "flake-compat": "flake-compat",
        "flake-parts": "flake-parts",
        "flake-utils": "flake-utils",
        "nixpkgs": [
          "nixpkgs"
        ],
        "pre-commit-hooks-nix": "pre-commit-hooks-nix",
        "rust-overlay": "rust-overlay"
      },
      "locked": {
        "lastModified": 1682802423,
        "narHash": "sha256-Fb5TeRTdvUlo/5Yi2d+FC8a6KoRLk2h1VE0/peMhWPs=",
        "owner": "nix-community",
        "repo": "lanzaboote",
        "rev": "64b903ca87d18cef2752c19c098af275c6e51d63",
        "type": "github"
      },
      "original": {
        "owner": "nix-community",
        "ref": "v0.3.0",
        "repo": "lanzaboote",
        "type": "github"
      }
    },
    "nix-alien": {
      "inputs": {
        "flake-compat": "flake-compat_2",
        "flake-utils": "flake-utils_2",
        "nix-filter": "nix-filter",
        "nix-index-database": "nix-index-database",
        "nixpkgs": [
          "nix-alien",
          "nix-index-database",
          "nixpkgs"
        ]
      },
      "locked": {
        "lastModified": 1699009045,
        "narHash": "sha256-oxDgRlgMS8dKoSbJiB6/n556blHrQAejj4wcKQzixK0=",
        "owner": "thiagokokada",
        "repo": "nix-alien",
        "rev": "9f68b90e1c673e6ae56ff67e402b6f329147b162",
        "type": "github"
      },
      "original": {
        "owner": "thiagokokada",
        "repo": "nix-alien",
        "type": "github"
      }
    },
    "nix-colors": {
      "inputs": {
        "base16-schemes": "base16-schemes",
        "nixpkgs-lib": "nixpkgs-lib"
      },
      "locked": {
        "lastModified": 1695388192,
        "narHash": "sha256-2jelpE7xK+4M7jZNyWL7QYOYegQLYBDQS5bvdo8XRUQ=",
        "owner": "misterio77",
        "repo": "nix-colors",
        "rev": "37227f274b34a3b51649166deb94ce7fec2c6a4c",
        "type": "github"
      },
      "original": {
        "owner": "misterio77",
        "repo": "nix-colors",
        "type": "github"
      }
    },
    "nix-filter": {
      "locked": {
        "lastModified": 1694857738,
        "narHash": "sha256-bxxNyLHjhu0N8T3REINXQ2ZkJco0ABFPn6PIe2QUfqo=",
        "owner": "numtide",
        "repo": "nix-filter",
        "rev": "41fd48e00c22b4ced525af521ead8792402de0ea",
        "type": "github"
      },
      "original": {
        "owner": "numtide",
        "repo": "nix-filter",
        "type": "github"
      }
    },
    "nix-index-database": {
      "inputs": {
        "nixpkgs": "nixpkgs_2"
      },
      "locked": {
        "lastModified": 1698550809,
        "narHash": "sha256-Um8+Wi6EAH5dCgfgl7OqaVd4wFJn6FKLafcP5QPr/98=",
        "owner": "Mic92",
        "repo": "nix-index-database",
        "rev": "1f0981f5baeb78e3c89a8980ff1a39f06876fa8c",
        "type": "github"
      },
      "original": {
        "owner": "Mic92",
        "repo": "nix-index-database",
        "type": "github"
      }
    },
    "nix-minecraft": {
      "inputs": {
        "flake-compat": "flake-compat_3",
        "flake-utils": "flake-utils_3",
        "nixpkgs": "nixpkgs_3"
      },
      "locked": {
        "lastModified": 1699752151,
        "narHash": "sha256-C0b1DEF09oX49ShbLkkNyy5jqiGkX+st2XX+T6K4a9g=",
        "owner": "Infinidoge",
        "repo": "nix-minecraft",
        "rev": "7ff401d8899cd879eb06989d8dfb7af02577aa20",
        "type": "github"
      },
      "original": {
        "owner": "Infinidoge",
        "repo": "nix-minecraft",
        "type": "github"
      }
    },
    "nixd": {
      "inputs": {
        "flake-parts": "flake-parts_2",
        "nixpkgs": "nixpkgs_4"
      },
      "locked": {
        "lastModified": 1691762808,
        "narHash": "sha256-W44orkPZQ9gDUTogb8YVIaw4WHzUA+ExOXhTnZlJ6yY=",
        "owner": "nix-community",
        "repo": "nixd",
        "rev": "22f8532d9dcc3b50c46a5da5393fd6960a7a7cdc",
        "type": "github"
      },
      "original": {
        "owner": "nix-community",
        "ref": "release/1.2",
        "repo": "nixd",
        "type": "github"
      }
    },
    "nixpkgs": {
      "locked": {
        "lastModified": 1698134075,
        "narHash": "sha256-foCD+nuKzfh49bIoiCBur4+Fx1nozo+4C/6k8BYk4sg=",
        "owner": "NixOS",
        "repo": "nixpkgs",
        "rev": "8efd5d1e283604f75a808a20e6cde0ef313d07d4",
        "type": "github"
      },
      "original": {
        "owner": "NixOS",
        "ref": "nixos-unstable",
        "repo": "nixpkgs",
        "type": "github"
      }
    },
    "nixpkgs-lib": {
      "locked": {
        "lastModified": 1694911725,
        "narHash": "sha256-8YqI+YU1DGclEjHsnrrGfqsQg3Wyga1DfTbJrN3Ud0c=",
        "owner": "nix-community",
        "repo": "nixpkgs.lib",
        "rev": "819180647f428a3826bfc917a54449da1e532ce0",
        "type": "github"
      },
      "original": {
        "owner": "nix-community",
        "repo": "nixpkgs.lib",
        "type": "github"
      }
    },
    "nixpkgs-lib_2": {
      "locked": {
        "dir": "lib",
        "lastModified": 1685564631,
        "narHash": "sha256-8ywr3AkblY4++3lIVxmrWZFzac7+f32ZEhH/A8pNscI=",
        "owner": "NixOS",
        "repo": "nixpkgs",
        "rev": "4f53efe34b3a8877ac923b9350c874e3dcd5dc0a",
        "type": "github"
      },
      "original": {
        "dir": "lib",
        "owner": "NixOS",
        "ref": "nixos-unstable",
        "repo": "nixpkgs",
        "type": "github"
      }
    },
    "nixpkgs-stable": {
      "locked": {
        "lastModified": 1678872516,
        "narHash": "sha256-/E1YwtMtFAu2KUQKV/1+KFuReYPANM2Rzehk84VxVoc=",
        "owner": "NixOS",
        "repo": "nixpkgs",
        "rev": "9b8e5abb18324c7fe9f07cb100c3cd4a29cda8b8",
        "type": "github"
      },
      "original": {
        "owner": "NixOS",
        "ref": "nixos-22.11",
        "repo": "nixpkgs",
        "type": "github"
      }
    },
    "nixpkgs-stable_2": {
      "locked": {
        "lastModified": 1699756042,
        "narHash": "sha256-bHHjQQBsEPOxLL+klYU2lYshDnnWY12SewzQ7n5ab2M=",
        "owner": "NixOS",
        "repo": "nixpkgs",
        "rev": "9502d0245983bb233da8083b55d60d96fd3c29ff",
        "type": "github"
      },
      "original": {
        "owner": "NixOS",
        "ref": "release-23.05",
        "repo": "nixpkgs",
        "type": "github"
      }
    },
    "nixpkgs-unstable": {
      "locked": {
        "lastModified": 1699099776,
        "narHash": "sha256-X09iKJ27mGsGambGfkKzqvw5esP1L/Rf8H3u3fCqIiU=",
        "owner": "nixos",
        "repo": "nixpkgs",
        "rev": "85f1ba3e51676fa8cc604a3d863d729026a6b8eb",
        "type": "github"
      },
      "original": {
        "owner": "nixos",
        "ref": "nixos-unstable",
        "repo": "nixpkgs",
        "type": "github"
      }
    },
    "nixpkgs_2": {
      "locked": {
        "lastModified": 1698318101,
        "narHash": "sha256-gUihHt3yPD7bVqg+k/UVHgngyaJ3DMEBchbymBMvK1E=",
        "owner": "nixos",
        "repo": "nixpkgs",
        "rev": "63678e9f3d3afecfeafa0acead6239cdb447574c",
        "type": "github"
      },
      "original": {
        "owner": "nixos",
        "ref": "nixos-unstable",
        "repo": "nixpkgs",
        "type": "github"
      }
    },
    "nixpkgs_3": {
      "locked": {
        "lastModified": 1698318101,
        "narHash": "sha256-gUihHt3yPD7bVqg+k/UVHgngyaJ3DMEBchbymBMvK1E=",
        "owner": "nixos",
        "repo": "nixpkgs",
        "rev": "63678e9f3d3afecfeafa0acead6239cdb447574c",
        "type": "github"
      },
      "original": {
        "owner": "nixos",
        "ref": "nixos-unstable",
        "repo": "nixpkgs",
        "type": "github"
      }
    },
    "nixpkgs_4": {
      "locked": {
        "lastModified": 1686398752,
        "narHash": "sha256-nGWNQVhSw4VSL+S0D0cbrNR9vs9Bq7rlYR+1K5f5j6w=",
        "owner": "NixOS",
        "repo": "nixpkgs",
        "rev": "a30520bf8eabf8a5c37889d661e67a2dbcaa59e6",
        "type": "github"
      },
      "original": {
        "owner": "NixOS",
        "ref": "nixpkgs-unstable",
        "repo": "nixpkgs",
        "type": "github"
      }
    },
    "nixpkgs_5": {
      "locked": {
        "lastModified": 1699596684,
        "narHash": "sha256-XSXP8zjBZJBVvpNb2WmY0eW8O2ce+sVyj1T0/iBRIvg=",
        "owner": "nixos",
        "repo": "nixpkgs",
        "rev": "da4024d0ead5d7820f6bd15147d3fe2a0c0cec73",
        "type": "github"
      },
      "original": {
        "owner": "nixos",
        "ref": "nixos-23.05",
        "repo": "nixpkgs",
        "type": "github"
      }
    },
    "pre-commit-hooks-nix": {
      "inputs": {
        "flake-compat": [
          "lanzaboote",
          "flake-compat"
        ],
        "flake-utils": [
          "lanzaboote",
          "flake-utils"
        ],
        "gitignore": "gitignore",
        "nixpkgs": [
          "lanzaboote",
          "nixpkgs"
        ],
        "nixpkgs-stable": "nixpkgs-stable"
      },
      "locked": {
        "lastModified": 1681413034,
        "narHash": "sha256-/t7OjNQcNkeWeSq/CFLYVBfm+IEnkjoSm9iKvArnUUI=",
        "owner": "cachix",
        "repo": "pre-commit-hooks.nix",
        "rev": "d3de8f69ca88fb6f8b09e5b598be5ac98d28ede5",
        "type": "github"
      },
      "original": {
        "owner": "cachix",
        "repo": "pre-commit-hooks.nix",
        "type": "github"
      }
    },
    "root": {
      "inputs": {
        "blender-bin": "blender-bin",
        "hardware": "hardware",
        "home-manager": "home-manager",
        "hs-secrets": "hs-secrets",
        "hyprland": "hyprland",
        "impermanence": "impermanence",
        "lanzaboote": "lanzaboote",
        "nix-alien": "nix-alien",
        "nix-colors": "nix-colors",
        "nix-minecraft": "nix-minecraft",
        "nixd": "nixd",
        "nixpkgs": "nixpkgs_5",
        "nixpkgs-unstable": "nixpkgs-unstable",
        "sops-nix": "sops-nix"
      }
    },
    "rust-overlay": {
      "inputs": {
        "flake-utils": [
          "lanzaboote",
          "flake-utils"
        ],
        "nixpkgs": [
          "lanzaboote",
          "nixpkgs"
        ]
      },
      "locked": {
        "lastModified": 1682129965,
        "narHash": "sha256-1KRPIorEL6pLpJR04FwAqqnt4Tzcm4MqD84yhlD+XSk=",
        "owner": "oxalica",
        "repo": "rust-overlay",
        "rev": "2c417c0460b788328220120c698630947547ee83",
        "type": "github"
      },
      "original": {
        "owner": "oxalica",
        "repo": "rust-overlay",
        "type": "github"
      }
    },
    "sops-nix": {
      "inputs": {
        "nixpkgs": [
          "nixpkgs"
        ],
        "nixpkgs-stable": "nixpkgs-stable_2"
      },
      "locked": {
        "lastModified": 1699770333,
        "narHash": "sha256-tWIifHuqPZKCuAVjewewX/LyC6LCf5dsIkyDHlXr7DM=",
        "owner": "Mic92",
        "repo": "sops-nix",
        "rev": "2fc3c9edc3029ed396ec917f39a7253acc3d8999",
        "type": "github"
      },
      "original": {
        "owner": "Mic92",
        "repo": "sops-nix",
        "type": "github"
      }
    },
    "systems": {
      "locked": {
        "lastModified": 1689347949,
        "narHash": "sha256-12tWmuL2zgBgZkdoB6qXZsgJEH9LR3oUgpaQq2RbI80=",
        "owner": "nix-systems",
        "repo": "default-linux",
        "rev": "31732fcf5e8fea42e59c2488ad31a0e651500f68",
        "type": "github"
      },
      "original": {
        "owner": "nix-systems",
        "repo": "default-linux",
        "type": "github"
      }
    },
    "systems_2": {
      "locked": {
        "lastModified": 1681028828,
        "narHash": "sha256-Vy1rq5AaRuLzOxct8nz4T6wlgyUR7zLU309k9mBC768=",
        "owner": "nix-systems",
        "repo": "default",
        "rev": "da67096a3b9bf56a91d16901293e51ba5b49a27e",
        "type": "github"
      },
      "original": {
        "owner": "nix-systems",
        "repo": "default",
        "type": "github"
      }
    },
    "systems_3": {
      "locked": {
        "lastModified": 1681028828,
        "narHash": "sha256-Vy1rq5AaRuLzOxct8nz4T6wlgyUR7zLU309k9mBC768=",
        "owner": "nix-systems",
        "repo": "default",
        "rev": "da67096a3b9bf56a91d16901293e51ba5b49a27e",
        "type": "github"
      },
      "original": {
        "owner": "nix-systems",
        "repo": "default",
        "type": "github"
      }
    },
    "systems_4": {
      "locked": {
        "lastModified": 1681028828,
        "narHash": "sha256-Vy1rq5AaRuLzOxct8nz4T6wlgyUR7zLU309k9mBC768=",
        "owner": "nix-systems",
        "repo": "default",
        "rev": "da67096a3b9bf56a91d16901293e51ba5b49a27e",
        "type": "github"
      },
      "original": {
        "owner": "nix-systems",
        "repo": "default",
        "type": "github"
      }
    },
    "wlroots": {
      "flake": false,
      "locked": {
        "host": "gitlab.freedesktop.org",
        "lastModified": 1699292815,
        "narHash": "sha256-HXu98PyBMKEWLqiTb8viuLDznud/SdkdJsx5A5CWx7I=",
        "owner": "wlroots",
        "repo": "wlroots",
        "rev": "5de9e1a99d6642c2d09d589aa37ff0a8945dcee1",
        "type": "gitlab"
      },
      "original": {
        "host": "gitlab.freedesktop.org",
        "owner": "wlroots",
        "repo": "wlroots",
        "rev": "5de9e1a99d6642c2d09d589aa37ff0a8945dcee1",
        "type": "gitlab"
      }
    },
    "xdph": {
      "inputs": {
        "hyprland-protocols": [
          "hyprland",
          "hyprland-protocols"
        ],
        "nixpkgs": [
          "hyprland",
          "nixpkgs"
        ],
        "systems": [
          "hyprland",
          "systems"
        ]
      },
      "locked": {
        "lastModified": 1697981233,
        "narHash": "sha256-y8q4XUwx+gVK7i2eLjfR32lVo7TYvEslyzrmzYEaPZU=",
        "owner": "hyprwm",
        "repo": "xdg-desktop-portal-hyprland",
        "rev": "22e7a65ff9633e1dedfa5317fdffc49f68de2ff2",
        "type": "github"
      },
      "original": {
        "owner": "hyprwm",
        "repo": "xdg-desktop-portal-hyprland",
        "type": "github"
      }
    }
  },
  "root": "root",
  "version": 7
}
