{
  "nodes": {
    "blender-bin": {
      "inputs": {
        "nixpkgs": [
          "nixpkgs"
        ]
      },
      "locked": {
        "dir": "blender",
        "lastModified": 1766785730,
        "narHash": "sha256-R0SImlpvVtp4gBCjWtrjyWlir2vMEs03XdVBJtsryUU=",
        "owner": "edolstra",
        "repo": "nix-warez",
        "rev": "32a73188c4026cea3f8ed97078ace45bf9f7f578",
        "type": "github"
      },
      "original": {
        "dir": "blender",
        "owner": "edolstra",
        "repo": "nix-warez",
        "type": "github"
      }
    },
    "clipboard-sync": {
      "inputs": {
        "nixpkgs": [
          "nixpkgs"
        ]
      },
      "locked": {
        "lastModified": 1759253700,
        "narHash": "sha256-pDsDzWEBaZlT9lHsBZMGm8aBJGncMxqerKwkzjEM/EI=",
        "owner": "dnut",
        "repo": "clipboard-sync",
        "rev": "138a59b8f3044dd9e7dcccd9607bbbb48c14bae6",
        "type": "github"
      },
      "original": {
        "owner": "dnut",
        "repo": "clipboard-sync",
        "type": "github"
      }
    },
    "crane": {
      "locked": {
        "lastModified": 1781825982,
        "narHash": "sha256-SlXKwIRIhrOSAcTjCB3ftPLzJWZStQIPS7J1FlZPnKk=",
        "owner": "ipetkov",
        "repo": "crane",
        "rev": "469fd08d0bcf6926321fa973c6777fbc87785dd7",
        "type": "github"
      },
      "original": {
        "owner": "ipetkov",
        "repo": "crane",
        "type": "github"
      }
    },
    "flake-compat": {
      "flake": false,
      "locked": {
        "lastModified": 1767039857,
        "narHash": "sha256-vNpUSpF5Nuw8xvDLj2KCwwksIbjua2LZCqhV1LNRDns=",
        "owner": "NixOS",
        "repo": "flake-compat",
        "rev": "5edf11c44bc78a0d334f6334cdaf7d60d732daab",
        "type": "github"
      },
      "original": {
        "owner": "NixOS",
        "repo": "flake-compat",
        "type": "github"
      }
    },
    "flake-compat_2": {
      "locked": {
        "lastModified": 1767039857,
        "narHash": "sha256-vNpUSpF5Nuw8xvDLj2KCwwksIbjua2LZCqhV1LNRDns=",
        "owner": "edolstra",
        "repo": "flake-compat",
        "rev": "5edf11c44bc78a0d334f6334cdaf7d60d732daab",
        "type": "github"
      },
      "original": {
        "owner": "edolstra",
        "repo": "flake-compat",
        "type": "github"
      }
    },
    "flake-compat_3": {
      "flake": false,
      "locked": {
        "lastModified": 1767039857,
        "narHash": "sha256-vNpUSpF5Nuw8xvDLj2KCwwksIbjua2LZCqhV1LNRDns=",
        "owner": "NixOS",
        "repo": "flake-compat",
        "rev": "5edf11c44bc78a0d334f6334cdaf7d60d732daab",
        "type": "github"
      },
      "original": {
        "owner": "NixOS",
        "repo": "flake-compat",
        "type": "github"
      }
    },
    "flake-compat_4": {
      "flake": false,
      "locked": {
        "lastModified": 1747046372,
        "narHash": "sha256-CIVLLkVgvHYbgI2UpXvIIBJ12HWgX+fjA8Xf8PUmqCY=",
        "owner": "edolstra",
        "repo": "flake-compat",
        "rev": "9100a0f413b0c601e0533d1d94ffd501ce2e7885",
        "type": "github"
      },
      "original": {
        "owner": "edolstra",
        "repo": "flake-compat",
        "type": "github"
      }
    },
    "flake-compat_5": {
      "locked": {
        "lastModified": 1733328505,
        "narHash": "sha256-NeCCThCEP3eCl2l/+27kNNK7QrwZB1IJCrXfrbv5oqU=",
        "rev": "ff81ac966bb2cae68946d5ed5fc4994f96d0ffec",
        "revCount": 69,
        "type": "tarball",
        "url": "https://api.flakehub.com/f/pinned/edolstra/flake-compat/1.1.0/01948eb7-9cba-704f-bbf3-3fa956735b52/source.tar.gz"
      },
      "original": {
        "type": "tarball",
        "url": "https://flakehub.com/f/edolstra/flake-compat/1.tar.gz"
      }
    },
    "flake-parts": {
      "inputs": {
        "nixpkgs-lib": "nixpkgs-lib"
      },
      "locked": {
        "lastModified": 1778716662,
        "narHash": "sha256-m1Yf0wZ8j1OHjTc2UwHwyQRSnNeSgLJOd7q5Y45hzi4=",
        "owner": "hercules-ci",
        "repo": "flake-parts",
        "rev": "f7c1a2d347e4c52d5fb8d10cb4d94b5884e546fb",
        "type": "github"
      },
      "original": {
        "owner": "hercules-ci",
        "repo": "flake-parts",
        "type": "github"
      }
    },
    "flake-programs-sqlite": {
      "inputs": {
        "nixpkgs": [
          "nixpkgs"
        ],
        "utils": "utils"
      },
      "locked": {
        "lastModified": 1782075083,
        "narHash": "sha256-GZsdLRT20oDiS4gHGGywDAwp8yVYzFClUKba/XUnJag=",
        "owner": "wamserma",
        "repo": "flake-programs-sqlite",
        "rev": "9a95cd4399b84413a8b00e7af377d657bd8dffd4",
        "type": "github"
      },
      "original": {
        "owner": "wamserma",
        "repo": "flake-programs-sqlite",
        "type": "github"
      }
    },
    "flake-utils": {
      "inputs": {
        "systems": [
          "nixpkgs-xr",
          "systems"
        ]
      },
      "locked": {
        "lastModified": 1731533236,
        "narHash": "sha256-l0KFg5HjrsfsO/JpG+r7fRrqm12kzFHyUHqHCVpMMbI=",
        "owner": "numtide",
        "repo": "flake-utils",
        "rev": "11707dc2f618dd54ca8739b309ec4fc024de578b",
        "type": "github"
      },
      "original": {
        "owner": "numtide",
        "repo": "flake-utils",
        "type": "github"
      }
    },
    "flake-utils_2": {
      "inputs": {
        "systems": "systems_4"
      },
      "locked": {
        "lastModified": 1731533236,
        "narHash": "sha256-l0KFg5HjrsfsO/JpG+r7fRrqm12kzFHyUHqHCVpMMbI=",
        "owner": "numtide",
        "repo": "flake-utils",
        "rev": "11707dc2f618dd54ca8739b309ec4fc024de578b",
        "type": "github"
      },
      "original": {
        "owner": "numtide",
        "repo": "flake-utils",
        "type": "github"
      }
    },
    "git-hooks": {
      "inputs": {
        "flake-compat": [
          "nix-gaming",
          "flake-compat"
        ],
        "gitignore": "gitignore_2",
        "nixpkgs": [
          "nix-gaming",
          "nixpkgs"
        ]
      },
      "locked": {
        "lastModified": 1781733627,
        "narHash": "sha256-U3yTuGBnmXvXoQI3qkpfEDsn9RovQPAjN7ndRco+3u0=",
        "owner": "cachix",
        "repo": "git-hooks.nix",
        "rev": "3bbec39bc90eadfa031e6f3b77272f3f60803e39",
        "type": "github"
      },
      "original": {
        "owner": "cachix",
        "repo": "git-hooks.nix",
        "type": "github"
      }
    },
    "gitignore": {
      "inputs": {
        "nixpkgs": [
          "lanzaboote",
          "pre-commit",
          "nixpkgs"
        ]
      },
      "locked": {
        "lastModified": 1709087332,
        "narHash": "sha256-HG2cCnktfHsKV0s4XW83gU3F57gaTljL9KNSuG6bnQs=",
        "owner": "hercules-ci",
        "repo": "gitignore.nix",
        "rev": "637db329424fd7e46cf4185293b9cc8c88c95394",
        "type": "github"
      },
      "original": {
        "owner": "hercules-ci",
        "repo": "gitignore.nix",
        "type": "github"
      }
    },
    "gitignore_2": {
      "inputs": {
        "nixpkgs": [
          "nix-gaming",
          "git-hooks",
          "nixpkgs"
        ]
      },
      "locked": {
        "lastModified": 1709087332,
        "narHash": "sha256-HG2cCnktfHsKV0s4XW83gU3F57gaTljL9KNSuG6bnQs=",
        "owner": "hercules-ci",
        "repo": "gitignore.nix",
        "rev": "637db329424fd7e46cf4185293b9cc8c88c95394",
        "type": "github"
      },
      "original": {
        "owner": "hercules-ci",
        "repo": "gitignore.nix",
        "type": "github"
      }
    },
    "hardware": {
      "inputs": {
        "nixpkgs": "nixpkgs"
      },
      "locked": {
        "lastModified": 1781622756,
        "narHash": "sha256-JrPh4M6S7aPsEE9tOENuZrxC6o2szSLlK+t4+nLke9s=",
        "owner": "nixos",
        "repo": "nixos-hardware",
        "rev": "08018c72174a4df5657f8d94178ac69fb9c243e5",
        "type": "github"
      },
      "original": {
        "owner": "nixos",
        "repo": "nixos-hardware",
        "type": "github"
      }
    },
    "home-manager": {
      "inputs": {
        "nixpkgs": [
          "nixpkgs"
        ]
      },
      "locked": {
        "lastModified": 1781981105,
        "narHash": "sha256-/1nNBbA7PrSQpTc9Qazkhl4kIPg+TNl0CjxS3UQJKlw=",
        "owner": "nix-community",
        "repo": "home-manager",
        "rev": "7bfff44b465909f69a442701293bc0badcf476dc",
        "type": "github"
      },
      "original": {
        "owner": "nix-community",
        "ref": "release-26.05",
        "repo": "home-manager",
        "type": "github"
      }
    },
    "home-manager_2": {
      "inputs": {
        "nixpkgs": [
          "impermanence",
          "nixpkgs"
        ]
      },
      "locked": {
        "lastModified": 1768598210,
        "narHash": "sha256-kkgA32s/f4jaa4UG+2f8C225Qvclxnqs76mf8zvTVPg=",
        "owner": "nix-community",
        "repo": "home-manager",
        "rev": "c47b2cc64a629f8e075de52e4742de688f930dc6",
        "type": "github"
      },
      "original": {
        "owner": "nix-community",
        "repo": "home-manager",
        "type": "github"
      }
    },
    "hs-secrets": {
      "locked": {
        "lastModified": 1780034918,
        "narHash": "sha256-Fvur3ltjAqCGQTRHIg6I/9fRVnuuoDhRCv5aZXd5IZ4=",
        "ref": "refs/heads/master",
        "rev": "6daaf1423f31b00f5e15653c64cda6731e491156",
        "revCount": 61,
        "type": "git",
        "url": "ssh://git@alex.gulo.dev:37084/persist/git-server/hs-secrets"
      },
      "original": {
        "type": "git",
        "url": "ssh://git@alex.gulo.dev:37084/persist/git-server/hs-secrets"
      }
    },
    "impermanence": {
      "inputs": {
        "home-manager": "home-manager_2",
        "nixpkgs": "nixpkgs_2"
      },
      "locked": {
        "lastModified": 1769548169,
        "narHash": "sha256-03+JxvzmfwRu+5JafM0DLbxgHttOQZkUtDWBmeUkN8Y=",
        "owner": "nix-community",
        "repo": "impermanence",
        "rev": "7b1d382faf603b6d264f58627330f9faa5cba149",
        "type": "github"
      },
      "original": {
        "owner": "nix-community",
        "repo": "impermanence",
        "type": "github"
      }
    },
    "lanzaboote": {
      "inputs": {
        "crane": "crane",
        "nixpkgs": [
          "nixpkgs"
        ],
        "pre-commit": "pre-commit",
        "rust-overlay": "rust-overlay"
      },
      "locked": {
        "lastModified": 1782141370,
        "narHash": "sha256-hqijVSEETttmo8Okql9/LG0Ua34hdciKW1a5zzlj8mU=",
        "owner": "nix-community",
        "repo": "lanzaboote",
        "rev": "7c9a54a7f87b4539ddbd8bda09a8a5f5f9361aa9",
        "type": "github"
      },
      "original": {
        "owner": "nix-community",
        "ref": "v1.1.0",
        "repo": "lanzaboote",
        "type": "github"
      }
    },
    "musnix": {
      "inputs": {
        "nixpkgs": [
          "nixpkgs"
        ]
      },
      "locked": {
        "lastModified": 1777848538,
        "narHash": "sha256-Dj51C0NWsglqRrCpdmMr2nFiYacFOid1Tor4H9yG2HY=",
        "owner": "musnix",
        "repo": "musnix",
        "rev": "8548782f0d1d0928daa3fffde8a008f72219a3f3",
        "type": "github"
      },
      "original": {
        "owner": "musnix",
        "repo": "musnix",
        "type": "github"
      }
    },
    "niri-flake": {
      "inputs": {
        "niri-stable": "niri-stable",
        "niri-unstable": "niri-unstable",
        "nixpkgs": [
          "nixpkgs-unstable"
        ],
        "nixpkgs-stable": [
          "nixpkgs"
        ],
        "xwayland-satellite-stable": "xwayland-satellite-stable",
        "xwayland-satellite-unstable": "xwayland-satellite-unstable"
      },
      "locked": {
        "lastModified": 1781795508,
        "narHash": "sha256-VKrApQ3WCkEe9D8DbaeFjGqLAh7zqYGYjbQYtY5ikxc=",
        "owner": "sodiboo",
        "repo": "niri-flake",
        "rev": "493ce1e33e72f86312584f331c8cf52b3432ec99",
        "type": "github"
      },
      "original": {
        "owner": "sodiboo",
        "repo": "niri-flake",
        "type": "github"
      }
    },
    "niri-stable": {
      "flake": false,
      "locked": {
        "lastModified": 1756556321,
        "narHash": "sha256-RLD89dfjN0RVO86C/Mot0T7aduCygPGaYbog566F0Qo=",
        "owner": "YaLTeR",
        "repo": "niri",
        "rev": "01be0e65f4eb91a9cd624ac0b76aaeab765c7294",
        "type": "github"
      },
      "original": {
        "owner": "YaLTeR",
        "ref": "v25.08",
        "repo": "niri",
        "type": "github"
      }
    },
    "niri-unstable": {
      "flake": false,
      "locked": {
        "lastModified": 1781781064,
        "narHash": "sha256-Ii/koEm/sRyg65qbAQWqEgboSEIhdH0EL4KglAc14p0=",
        "owner": "YaLTeR",
        "repo": "niri",
        "rev": "49fc6117fd6c043adaa2ead316b82db5ed735d36",
        "type": "github"
      },
      "original": {
        "owner": "YaLTeR",
        "repo": "niri",
        "type": "github"
      }
    },
    "nix-alien": {
      "inputs": {
        "flake-compat": "flake-compat_2",
        "nix-index-database": "nix-index-database",
        "nixpkgs": [
          "nixpkgs"
        ]
      },
      "locked": {
        "lastModified": 1781517086,
        "narHash": "sha256-o2iVZt04K97ypUszGRRH31kSanLv/+ujgqH3UI1qXUQ=",
        "owner": "thiagokokada",
        "repo": "nix-alien",
        "rev": "e218108d0fd1ff3e373f126872eddaba62e0afce",
        "type": "github"
      },
      "original": {
        "owner": "thiagokokada",
        "repo": "nix-alien",
        "type": "github"
      }
    },
    "nix-gaming": {
      "inputs": {
        "flake-compat": "flake-compat_3",
        "flake-parts": "flake-parts",
        "git-hooks": "git-hooks",
        "nixpkgs": [
          "nixpkgs-unstable"
        ]
      },
      "locked": {
        "lastModified": 1782017494,
        "narHash": "sha256-GYP8iYciiZjFoY61VdGEexLGNh2sBE9OtEv7a4KZRoU=",
        "owner": "fufexan",
        "repo": "nix-gaming",
        "rev": "f83806d230369cc515368783dba1c838a402dda0",
        "type": "github"
      },
      "original": {
        "owner": "fufexan",
        "repo": "nix-gaming",
        "type": "github"
      }
    },
    "nix-index-database": {
      "inputs": {
        "nixpkgs": [
          "nix-alien",
          "nixpkgs"
        ]
      },
      "locked": {
        "lastModified": 1781422160,
        "narHash": "sha256-W7S8O86bVrw2gaomEwkHStOzmPpnFIHQ6lS4Q2HffJ0=",
        "owner": "nix-community",
        "repo": "nix-index-database",
        "rev": "854d04e2368fb2e9c328a36b3c0a04cd713bfae1",
        "type": "github"
      },
      "original": {
        "owner": "nix-community",
        "repo": "nix-index-database",
        "type": "github"
      }
    },
    "nix-minecraft": {
      "inputs": {
        "flake-compat": "flake-compat_4",
        "nixpkgs": [
          "nixpkgs"
        ],
        "systems": "systems_2"
      },
      "locked": {
        "lastModified": 1782091909,
        "narHash": "sha256-q9ygpiowWPeS/FzBz7gekF4uUamJSXH/TTMf4y0j23I=",
        "owner": "Infinidoge",
        "repo": "nix-minecraft",
        "rev": "794884dacd31b251bce5abf2cf324be3659d5322",
        "type": "github"
      },
      "original": {
        "owner": "Infinidoge",
        "repo": "nix-minecraft",
        "type": "github"
      }
    },
    "nixpkgs": {
      "locked": {
        "lastModified": 1767892417,
        "narHash": "sha256-8bW3q88CEg2u4hSP66Vf4lpbLonHz7hqDNBMcCY7E9U=",
        "rev": "3497aa5c9457a9d88d71fa93a4a8368816fbeeba",
        "type": "tarball",
        "url": "https://releases.nixos.org/nixos/unstable/nixos-26.05pre924538.3497aa5c9457/nixexprs.tar.xz"
      },
      "original": {
        "type": "tarball",
        "url": "https://channels.nixos.org/nixos-unstable/nixexprs.tar.xz"
      }
    },
    "nixpkgs-lib": {
      "locked": {
        "lastModified": 1777168982,
        "narHash": "sha256-GOkGPcboWE9BmGCRMLX3worL4EMnsnG8MyKmXNeYuhQ=",
        "owner": "nix-community",
        "repo": "nixpkgs.lib",
        "rev": "f5901329dade4a6ea039af1433fb087bd9c1fe14",
        "type": "github"
      },
      "original": {
        "owner": "nix-community",
        "repo": "nixpkgs.lib",
        "type": "github"
      }
    },
    "nixpkgs-unstable": {
      "locked": {
        "lastModified": 1781577229,
        "narHash": "sha256-lrp67w8AulE9Ks53n27I45ADSzbOCn4H+CNW1Ck8B+8=",
        "owner": "nixos",
        "repo": "nixpkgs",
        "rev": "567a49d1913ce81ac6e9582e3553dd90a955875f",
        "type": "github"
      },
      "original": {
        "owner": "nixos",
        "ref": "nixos-unstable",
        "repo": "nixpkgs",
        "type": "github"
      }
    },
    "nixpkgs-xr": {
      "inputs": {
        "flake-compat": "flake-compat_5",
        "flake-utils": "flake-utils",
        "nixpkgs": [
          "nixpkgs-unstable"
        ],
        "nvfetcher": "nvfetcher",
        "systems": "systems_3",
        "treefmt-nix": "treefmt-nix"
      },
      "locked": {
        "lastModified": 1782044196,
        "narHash": "sha256-QNVrhg+B7MBhQsAAe23bgY0UGB4jeHHPTYTyc+uYzEY=",
        "owner": "nix-community",
        "repo": "nixpkgs-xr",
        "rev": "cd4946d41e81eb62ca33ff84b77a95ec353b0c3a",
        "type": "github"
      },
      "original": {
        "owner": "nix-community",
        "repo": "nixpkgs-xr",
        "type": "github"
      }
    },
    "nixpkgs_2": {
      "locked": {
        "lastModified": 1768564909,
        "narHash": "sha256-Kell/SpJYVkHWMvnhqJz/8DqQg2b6PguxVWOuadbHCc=",
        "owner": "nixos",
        "repo": "nixpkgs",
        "rev": "e4bae1bd10c9c57b2cf517953ab70060a828ee6f",
        "type": "github"
      },
      "original": {
        "owner": "nixos",
        "ref": "nixos-unstable",
        "repo": "nixpkgs",
        "type": "github"
      }
    },
    "nixpkgs_3": {
      "locked": {
        "lastModified": 1781216227,
        "narHash": "sha256-9mUW6gNwoN2SWc/l0fW4svPNOulXLl8ijqKyeSOGgJE=",
        "owner": "nixos",
        "repo": "nixpkgs",
        "rev": "a0374025a863d007d98e3297f6aa46cc3141c2f0",
        "type": "github"
      },
      "original": {
        "owner": "nixos",
        "ref": "nixos-26.05",
        "repo": "nixpkgs",
        "type": "github"
      }
    },
    "nvfetcher": {
      "inputs": {
        "flake-compat": [
          "nixpkgs-xr",
          "flake-compat"
        ],
        "flake-utils": [
          "nixpkgs-xr",
          "flake-utils"
        ],
        "nixpkgs": [
          "nixpkgs-xr",
          "nixpkgs"
        ]
      },
      "locked": {
        "lastModified": 1766178214,
        "narHash": "sha256-tKDXreDwrRkdjvfot5fr1++ed6oOq3+/hW/Dj8WfTgs=",
        "owner": "Red-M",
        "repo": "nvfetcher",
        "rev": "a84b3ce67f1d7acd85b3aa2b9967ab91ed6e7a71",
        "type": "github"
      },
      "original": {
        "owner": "Red-M",
        "repo": "nvfetcher",
        "rev": "a84b3ce67f1d7acd85b3aa2b9967ab91ed6e7a71",
        "type": "github"
      }
    },
    "omenctl": {
      "inputs": {
        "nixpkgs": [
          "nixpkgs-unstable"
        ]
      },
      "locked": {
        "lastModified": 1780743682,
        "narHash": "sha256-Ddb9mEC79vLE6TmRlbTRTrfQ3tqr+jDN+ViOgr2rLjI=",
        "owner": "yunusemreyl",
        "repo": "OmenCtl",
        "rev": "56ba9c206df7d4056592dc4e89c1f63b8c31fedb",
        "type": "github"
      },
      "original": {
        "owner": "yunusemreyl",
        "ref": "v1.5.3",
        "repo": "OmenCtl",
        "type": "github"
      }
    },
    "pre-commit": {
      "inputs": {
        "flake-compat": "flake-compat",
        "gitignore": "gitignore",
        "nixpkgs": [
          "lanzaboote",
          "nixpkgs"
        ]
      },
      "locked": {
        "lastModified": 1781733627,
        "narHash": "sha256-U3yTuGBnmXvXoQI3qkpfEDsn9RovQPAjN7ndRco+3u0=",
        "owner": "cachix",
        "repo": "pre-commit-hooks.nix",
        "rev": "3bbec39bc90eadfa031e6f3b77272f3f60803e39",
        "type": "github"
      },
      "original": {
        "owner": "cachix",
        "repo": "pre-commit-hooks.nix",
        "type": "github"
      }
    },
    "root": {
      "inputs": {
        "blender-bin": "blender-bin",
        "clipboard-sync": "clipboard-sync",
        "flake-programs-sqlite": "flake-programs-sqlite",
        "hardware": "hardware",
        "home-manager": "home-manager",
        "hs-secrets": "hs-secrets",
        "impermanence": "impermanence",
        "lanzaboote": "lanzaboote",
        "musnix": "musnix",
        "niri-flake": "niri-flake",
        "nix-alien": "nix-alien",
        "nix-gaming": "nix-gaming",
        "nix-minecraft": "nix-minecraft",
        "nixpkgs": "nixpkgs_3",
        "nixpkgs-unstable": "nixpkgs-unstable",
        "nixpkgs-xr": "nixpkgs-xr",
        "omenctl": "omenctl",
        "snekstudio": "snekstudio",
        "sops-nix": "sops-nix",
        "vps-ranges": "vps-ranges"
      }
    },
    "rust-overlay": {
      "inputs": {
        "nixpkgs": [
          "lanzaboote",
          "nixpkgs"
        ]
      },
      "locked": {
        "lastModified": 1782012058,
        "narHash": "sha256-9mWUnReOUXfKjZuJAL/bAFH3LUyECTRtXgSNVjRw3UY=",
        "owner": "oxalica",
        "repo": "rust-overlay",
        "rev": "8534567325bd8a8d2928e6afd81e0a87d19efd3c",
        "type": "github"
      },
      "original": {
        "owner": "oxalica",
        "repo": "rust-overlay",
        "type": "github"
      }
    },
    "snekstudio": {
      "inputs": {
        "flake-utils": "flake-utils_2",
        "nixpkgs": [
          "nixpkgs-unstable"
        ]
      },
      "locked": {
        "lastModified": 1774868867,
        "narHash": "sha256-SFMq5JfsJ8O4ltLDVKOoET/W+ABXWWYht7Dj/RvchWM=",
        "ref": "nix-flake",
        "rev": "5d92c4f43dc5953283b94324cd6de26e9181d5b1",
        "revCount": 370,
        "submodules": true,
        "type": "git",
        "url": "https://github.com/the-furry-hubofeverything/SnekStudio.git"
      },
      "original": {
        "ref": "nix-flake",
        "type": "git",
        "url": "https://github.com/the-furry-hubofeverything/SnekStudio.git"
      }
    },
    "sops-nix": {
      "inputs": {
        "nixpkgs": [
          "nixpkgs"
        ]
      },
      "locked": {
        "lastModified": 1781943681,
        "narHash": "sha256-NFHmA7H47adqiyp+0iEOyZOQhmigDqA/NBAlf4imB6U=",
        "owner": "Mic92",
        "repo": "sops-nix",
        "rev": "420f8d2e9882911f65cfac15cc706f639ba96cca",
        "type": "github"
      },
      "original": {
        "owner": "Mic92",
        "repo": "sops-nix",
        "type": "github"
      }
    },
    "systems": {
      "locked": {
        "lastModified": 1681028828,
        "narHash": "sha256-Vy1rq5AaRuLzOxct8nz4T6wlgyUR7zLU309k9mBC768=",
        "owner": "nix-systems",
        "repo": "default",
        "rev": "da67096a3b9bf56a91d16901293e51ba5b49a27e",
        "type": "github"
      },
      "original": {
        "owner": "nix-systems",
        "repo": "default",
        "type": "github"
      }
    },
    "systems_2": {
      "locked": {
        "lastModified": 1681028828,
        "narHash": "sha256-Vy1rq5AaRuLzOxct8nz4T6wlgyUR7zLU309k9mBC768=",
        "owner": "nix-systems",
        "repo": "default",
        "rev": "da67096a3b9bf56a91d16901293e51ba5b49a27e",
        "type": "github"
      },
      "original": {
        "owner": "nix-systems",
        "repo": "default",
        "type": "github"
      }
    },
    "systems_3": {
      "locked": {
        "lastModified": 1689347949,
        "narHash": "sha256-12tWmuL2zgBgZkdoB6qXZsgJEH9LR3oUgpaQq2RbI80=",
        "owner": "nix-systems",
        "repo": "default-linux",
        "rev": "31732fcf5e8fea42e59c2488ad31a0e651500f68",
        "type": "github"
      },
      "original": {
        "owner": "nix-systems",
        "repo": "default-linux",
        "type": "github"
      }
    },
    "systems_4": {
      "locked": {
        "lastModified": 1681028828,
        "narHash": "sha256-Vy1rq5AaRuLzOxct8nz4T6wlgyUR7zLU309k9mBC768=",
        "owner": "nix-systems",
        "repo": "default",
        "rev": "da67096a3b9bf56a91d16901293e51ba5b49a27e",
        "type": "github"
      },
      "original": {
        "owner": "nix-systems",
        "repo": "default",
        "type": "github"
      }
    },
    "treefmt-nix": {
      "inputs": {
        "nixpkgs": [
          "nixpkgs-xr",
          "nixpkgs"
        ]
      },
      "locked": {
        "lastModified": 1780220602,
        "narHash": "sha256-eynAfOmbmxJnkp7YewvCEbShNnnYJ9gLLqkzsYtBPeM=",
        "owner": "numtide",
        "repo": "treefmt-nix",
        "rev": "db947814a175b7ca6ded66e21383d938df01c227",
        "type": "github"
      },
      "original": {
        "owner": "numtide",
        "repo": "treefmt-nix",
        "type": "github"
      }
    },
    "utils": {
      "inputs": {
        "systems": "systems"
      },
      "locked": {
        "lastModified": 1731533236,
        "narHash": "sha256-l0KFg5HjrsfsO/JpG+r7fRrqm12kzFHyUHqHCVpMMbI=",
        "owner": "numtide",
        "repo": "flake-utils",
        "rev": "11707dc2f618dd54ca8739b309ec4fc024de578b",
        "type": "github"
      },
      "original": {
        "owner": "numtide",
        "repo": "flake-utils",
        "type": "github"
      }
    },
    "vps-ranges": {
      "flake": false,
      "locked": {
        "lastModified": 1782010486,
        "narHash": "sha256-f5B+Sj0bfyenQJpCD08s4MSJT2392U82VpYs+heIjOY=",
        "owner": "the-furry-hubofeverything",
        "repo": "vps-ranges",
        "rev": "05f625ca374caed2ec838700a4c05ec676065f39",
        "type": "github"
      },
      "original": {
        "owner": "the-furry-hubofeverything",
        "repo": "vps-ranges",
        "type": "github"
      }
    },
    "xwayland-satellite-stable": {
      "flake": false,
      "locked": {
        "lastModified": 1755491097,
        "narHash": "sha256-m+9tUfsmBeF2Gn4HWa6vSITZ4Gz1eA1F5Kh62B0N4oE=",
        "owner": "Supreeeme",
        "repo": "xwayland-satellite",
        "rev": "388d291e82ffbc73be18169d39470f340707edaa",
        "type": "github"
      },
      "original": {
        "owner": "Supreeeme",
        "ref": "v0.7",
        "repo": "xwayland-satellite",
        "type": "github"
      }
    },
    "xwayland-satellite-unstable": {
      "flake": false,
      "locked": {
        "lastModified": 1781226823,
        "narHash": "sha256-28696iIw8uE0ZUyFTtzhEM8xMh85clCYypMxkvUi+sc=",
        "owner": "Supreeeme",
        "repo": "xwayland-satellite",
        "rev": "8575d0ef55d70f9b4c46b6bffb3accf912217e1e",
        "type": "github"
      },
      "original": {
        "owner": "Supreeeme",
        "repo": "xwayland-satellite",
        "type": "github"
      }
    }
  },
  "root": "root",
  "version": 7
}
